
Microsoft Visual Studio Solution File, Format Version 12.00
# Visual Studio Version 17
VisualStudioVersion = 17.8.34212.112
MinimumVisualStudioVersion = 10.0.40219.1
Project("{9A19103F-16F7-4668-BE54-9A1E7A4F7556}") = "BulkyWeb", "BulkyWeb\BulkyWeb.csproj", "{96E8843A-CC0D-4CD4-B550-74C52141FDB1}"
EndProject
Project("{9A19103F-16F7-4668-BE54-9A1E7A4F7556}") = "BulkyWebRazor_Temp", "BulkyWebRazor_Temp\BulkyWebRazor_Temp.csproj", "{CE8F1772-6495-4976-8A65-D82765532688}"
EndProject
Global
	GlobalSection(SolutionConfigurationPlatforms) = preSolution
		Debug|Any CPU = Debug|Any CPU
		Release|Any CPU = Release|Any CPU
	EndGlobalSection
	GlobalSection(ProjectConfigurationPlatforms) = postSolution
		{96E8843A-CC0D-4CD4-B550-74C52141FDB1}.Debug|Any CPU.ActiveCfg = Debug|Any CPU
		{96E8843A-CC0D-4CD4-B550-74C52141FDB1}.Debug|Any CPU.Build.0 = Debug|Any CPU
		{96E8843A-CC0D-4CD4-B550-74C52141FDB1}.Release|Any CPU.ActiveCfg = Release|Any CPU
		{96E8843A-CC0D-4CD4-B550-74C52141FDB1}.Release|Any CPU.Build.0 = Release|Any CPU
		{CE8F1772-6495-4976-8A65-D82765532688}.Debug|Any CPU.ActiveCfg = Debug|Any CPU
		{CE8F1772-6495-4976-8A65-D82765532688}.Debug|Any CPU.Build.0 = Debug|Any CPU
		{CE8F1772-6495-4976-8A65-D82765532688}.Release|Any CPU.ActiveCfg = Release|Any CPU
		{CE8F1772-6495-4976-8A65-D82765532688}.Release|Any CPU.Build.0 = Release|Any CPU
	EndGlobalSection
	GlobalSection(SolutionProperties) = preSolution
		HideSolutionNode = FALSE
	EndGlobalSection
	GlobalSection(ExtensibilityGlobals) = postSolution
		SolutionGuid = {829736AA-F0B1-4A4B-A135-E6473B3D48B9}
	EndGlobalSection
EndGlobal
